
Microsoft Visual Studio Solution File, Format Version 12.00
# Visual Studio Version 16
VisualStudioVersion = 16.0.33529.622
MinimumVisualStudioVersion = 10.0.40219.1
Project("{9A19103F-16F7-4668-BE54-9A1E7A4F7556}") = "TeamTools.Common.Linting", ".\TeamTools.TSQL.Common\TeamTools.Common.Linting.csproj", "{F5EFD6E9-B19C-4230-B7C1-8AA1E37FFF63}"
EndProject
Project("{9A19103F-16F7-4668-BE54-9A1E7A4F7556}") = "TeamTools.TSQL.Linter.CommandLine", ".\TeamTools.TSQL.Linter.CommandLine\TeamTools.TSQL.Linter.CommandLine.csproj", "{1843A7A7-94A2-4146-B6D5-DDCFB9F42C5D}"
EndProject
Project("{9A19103F-16F7-4668-BE54-9A1E7A4F7556}") = "TeamTools.TSQL.Linter.CommandLineTests", ".\TeamTools.TSQL.Linter.CommandLineTests\TeamTools.TSQL.Linter.CommandLineTests.csproj", "{A617E267-3D43-499D-9B6B-5B08B266ACB9}"
EndProject
Global
	GlobalSection(SolutionConfigurationPlatforms) = preSolution
		Debug|Any CPU = Debug|Any CPU
		Release|Any CPU = Release|Any CPU
		Test|Any CPU = Test|Any CPU
	EndGlobalSection
	GlobalSection(ProjectConfigurationPlatforms) = postSolution
		{F5EFD6E9-B19C-4230-B7C1-8AA1E37FFF63}.Debug|Any CPU.ActiveCfg = Debug|Any CPU
		{F5EFD6E9-B19C-4230-B7C1-8AA1E37FFF63}.Debug|Any CPU.Build.0 = Debug|Any CPU
		{F5EFD6E9-B19C-4230-B7C1-8AA1E37FFF63}.Release|Any CPU.ActiveCfg = Release|Any CPU
		{F5EFD6E9-B19C-4230-B7C1-8AA1E37FFF63}.Release|Any CPU.Build.0 = Release|Any CPU
		{F5EFD6E9-B19C-4230-B7C1-8AA1E37FFF63}.Test|Any CPU.ActiveCfg = Test|Any CPU
		{F5EFD6E9-B19C-4230-B7C1-8AA1E37FFF63}.Test|Any CPU.Build.0 = Test|Any CPU
		{1843A7A7-94A2-4146-B6D5-DDCFB9F42C5D}.Debug|Any CPU.ActiveCfg = Debug|Any CPU
		{1843A7A7-94A2-4146-B6D5-DDCFB9F42C5D}.Debug|Any CPU.Build.0 = Debug|Any CPU
		{1843A7A7-94A2-4146-B6D5-DDCFB9F42C5D}.Release|Any CPU.ActiveCfg = Release|Any CPU
		{1843A7A7-94A2-4146-B6D5-DDCFB9F42C5D}.Release|Any CPU.Build.0 = Release|Any CPU
		{1843A7A7-94A2-4146-B6D5-DDCFB9F42C5D}.Test|Any CPU.ActiveCfg = Test|Any CPU
		{1843A7A7-94A2-4146-B6D5-DDCFB9F42C5D}.Test|Any CPU.Build.0 = Test|Any CPU
		{A617E267-3D43-499D-9B6B-5B08B266ACB9}.Debug|Any CPU.ActiveCfg = Debug|Any CPU
		{A617E267-3D43-499D-9B6B-5B08B266ACB9}.Debug|Any CPU.Build.0 = Debug|Any CPU
		{A617E267-3D43-499D-9B6B-5B08B266ACB9}.Release|Any CPU.ActiveCfg = Release|Any CPU
		{A617E267-3D43-499D-9B6B-5B08B266ACB9}.Release|Any CPU.Build.0 = Release|Any CPU
		{A617E267-3D43-499D-9B6B-5B08B266ACB9}.Test|Any CPU.ActiveCfg = Test|Any CPU
		{A617E267-3D43-499D-9B6B-5B08B266ACB9}.Test|Any CPU.Build.0 = Test|Any CPU
	EndGlobalSection
	GlobalSection(SolutionProperties) = preSolution
		HideSolutionNode = FALSE
	EndGlobalSection
	GlobalSection(ExtensibilityGlobals) = postSolution
		SolutionGuid = {51CE96F8-460C-4706-95DE-A197EC9DA7FD}
	EndGlobalSection
EndGlobal
